// !$*UTF8*$!
{
	archiveVersion = 1;
	classes = {
	};
	objectVersion = 56;
	objects = {

/* Begin PBXBuildFile section */
		E47D5ED92BB59D3E00778085 /* AppDelegate.swift in Sources */ = {isa = PBXBuildFile; fileRef = E47D5ED82BB59D3E00778085 /* AppDelegate.swift */; };
		E47D5EDD2BB59D3E00778085 /* MainViewController.swift in Sources */ = {isa = PBXBuildFile; fileRef = E47D5EDC2BB59D3E00778085 /* MainViewController.swift */; };
		E47D5EE22BB59D4000778085 /* Assets.xcassets in Resources */ = {isa = PBXBuildFile; fileRef = E47D5EE12BB59D4000778085 /* Assets.xcassets */; };
		E47D5EE52BB59D4000778085 /* LaunchScreen.storyboard in Resources */ = {isa = PBXBuildFile; fileRef = E47D5EE32BB59D4000778085 /* LaunchScreen.storyboard */; };
		E47D5EF02BB59F6D00778085 /* CoordinatorProtocol.swift in Sources */ = {isa = PBXBuildFile; fileRef = E47D5EEF2BB59F6D00778085 /* CoordinatorProtocol.swift */; };
		E47D5EF22BB59F9200778085 /* AppCooedinator.swift in Sources */ = {isa = PBXBuildFile; fileRef = E47D5EF12BB59F9200778085 /* AppCooedinator.swift */; };
		E47D5EF52BB59FD000778085 /* MainViewModel.swift in Sources */ = {isa = PBXBuildFile; fileRef = E47D5EF42BB59FD000778085 /* MainViewModel.swift */; };
		E47D5EF82BB5A24D00778085 /* NetworkService.swift in Sources */ = {isa = PBXBuildFile; fileRef = E47D5EF72BB5A24D00778085 /* NetworkService.swift */; };
		E47D5EFA2BB5A25900778085 /* NetworkError.swift in Sources */ = {isa = PBXBuildFile; fileRef = E47D5EF92BB5A25900778085 /* NetworkError.swift */; };
		E47D5EFD2BB5A2C800778085 /* ServicesModel.swift in Sources */ = {isa = PBXBuildFile; fileRef = E47D5EFC2BB5A2C800778085 /* ServicesModel.swift */; };
		E47D5F012BB5AC9600778085 /* CollectionViewAdapter.swift in Sources */ = {isa = PBXBuildFile; fileRef = E47D5F002BB5AC9600778085 /* CollectionViewAdapter.swift */; };
		E47D5F042BB5ACC500778085 /* MainCollectionViewCellModel.swift in Sources */ = {isa = PBXBuildFile; fileRef = E47D5F032BB5ACC500778085 /* MainCollectionViewCellModel.swift */; };
		E47D5F072BB5AD5400778085 /* MainCollectionViewCell.swift in Sources */ = {isa = PBXBuildFile; fileRef = E47D5F062BB5AD5400778085 /* MainCollectionViewCell.swift */; };
/* End PBXBuildFile section */

/* Begin PBXFileReference section */
		E47D5ED52BB59D3E00778085 /* ProfileTask.app */ = {isa = PBXFileReference; explicitFileType = wrapper.application; includeInIndex = 0; path = ProfileTask.app; sourceTree = BUILT_PRODUCTS_DIR; };
		E47D5ED82BB59D3E00778085 /* AppDelegate.swift */ = {isa = PBXFileReference; lastKnownFileType = sourcecode.swift; path = AppDelegate.swift; sourceTree = "<group>"; };
		E47D5EDC2BB59D3E00778085 /* MainViewController.swift */ = {isa = PBXFileReference; lastKnownFileType = sourcecode.swift; path = MainViewController.swift; sourceTree = "<group>"; };
		E47D5EE12BB59D4000778085 /* Assets.xcassets */ = {isa = PBXFileReference; lastKnownFileType = folder.assetcatalog; path = Assets.xcassets; sourceTree = "<group>"; };
		E47D5EE42BB59D4000778085 /* Base */ = {isa = PBXFileReference; lastKnownFileType = file.storyboard; name = Base; path = Base.lproj/LaunchScreen.storyboard; sourceTree = "<group>"; };
		E47D5EE62BB59D4000778085 /* Info.plist */ = {isa = PBXFileReference; lastKnownFileType = text.plist.xml; path = Info.plist; sourceTree = "<group>"; };
		E47D5EEF2BB59F6D00778085 /* CoordinatorProtocol.swift */ = {isa = PBXFileReference; lastKnownFileType = sourcecode.swift; path = CoordinatorProtocol.swift; sourceTree = "<group>"; };
		E47D5EF12BB59F9200778085 /* AppCooedinator.swift */ = {isa = PBXFileReference; lastKnownFileType = sourcecode.swift; path = AppCooedinator.swift; sourceTree = "<group>"; };
		E47D5EF42BB59FD000778085 /* MainViewModel.swift */ = {isa = PBXFileReference; lastKnownFileType = sourcecode.swift; path = MainViewModel.swift; sourceTree = "<group>"; };
		E47D5EF72BB5A24D00778085 /* NetworkService.swift */ = {isa = PBXFileReference; lastKnownFileType = sourcecode.swift; path = NetworkService.swift; sourceTree = "<group>"; };
		E47D5EF92BB5A25900778085 /* NetworkError.swift */ = {isa = PBXFileReference; lastKnownFileType = sourcecode.swift; path = NetworkError.swift; sourceTree = "<group>"; };
		E47D5EFC2BB5A2C800778085 /* ServicesModel.swift */ = {isa = PBXFileReference; lastKnownFileType = sourcecode.swift; path = ServicesModel.swift; sourceTree = "<group>"; };
		E47D5F002BB5AC9600778085 /* CollectionViewAdapter.swift */ = {isa = PBXFileReference; lastKnownFileType = sourcecode.swift; path = CollectionViewAdapter.swift; sourceTree = "<group>"; };
		E47D5F032BB5ACC500778085 /* MainCollectionViewCellModel.swift */ = {isa = PBXFileReference; lastKnownFileType = sourcecode.swift; path = MainCollectionViewCellModel.swift; sourceTree = "<group>"; };
		E47D5F062BB5AD5400778085 /* MainCollectionViewCell.swift */ = {isa = PBXFileReference; lastKnownFileType = sourcecode.swift; path = MainCollectionViewCell.swift; sourceTree = "<group>"; };
/* End PBXFileReference section */

/* Begin PBXFrameworksBuildPhase section */
		E47D5ED22BB59D3E00778085 /* Frameworks */ = {
			isa = PBXFrameworksBuildPhase;
			buildActionMask = 2147483647;
			files = (
			);
			runOnlyForDeploymentPostprocessing = 0;
		};
/* End PBXFrameworksBuildPhase section */

/* Begin PBXGroup section */
		E47D5ECC2BB59D3E00778085 = {
			isa = PBXGroup;
			children = (
				E47D5ED72BB59D3E00778085 /* ProfileTask */,
				E47D5ED62BB59D3E00778085 /* Products */,
			);
			sourceTree = "<group>";
		};
		E47D5ED62BB59D3E00778085 /* Products */ = {
			isa = PBXGroup;
			children = (
				E47D5ED52BB59D3E00778085 /* ProfileTask.app */,
			);
			name = Products;
			sourceTree = "<group>";
		};
		E47D5ED72BB59D3E00778085 /* ProfileTask */ = {
			isa = PBXGroup;
			children = (
				E47D5EEE2BB59F3A00778085 /* Application */,
				E47D5EF32BB59FB600778085 /* Coordinator */,
				E47D5EEC2BB59ECF00778085 /* SupportingFilles */,
				E47D5EFE2BB5A2DC00778085 /* Models */,
				E47D5EFB2BB5A2AE00778085 /* Network */,
				E47D5EF62BB59FD300778085 /* ViewModels */,
				E47D5EED2BB59F1A00778085 /* Views */,
			);
			path = ProfileTask;
			sourceTree = "<group>";
		};
		E47D5EEC2BB59ECF00778085 /* SupportingFilles */ = {
			isa = PBXGroup;
			children = (
				E47D5EE12BB59D4000778085 /* Assets.xcassets */,
				E47D5EE32BB59D4000778085 /* LaunchScreen.storyboard */,
				E47D5EE62BB59D4000778085 /* Info.plist */,
			);
			path = SupportingFilles;
			sourceTree = "<group>";
		};
		E47D5EED2BB59F1A00778085 /* Views */ = {
			isa = PBXGroup;
			children = (
				E47D5F022BB5AC9B00778085 /* Adapter */,
				E47D5F052BB5ACC700778085 /* CollectionModel */,
				E47D5F082BB5AD5900778085 /* CollectionViewCell */,
				E47D5EFF2BB5AC6900778085 /* ViewController */,
			);
			path = Views;
			sourceTree = "<group>";
		};
		E47D5EEE2BB59F3A00778085 /* Application */ = {
			isa = PBXGroup;
			children = (
				E47D5ED82BB59D3E00778085 /* AppDelegate.swift */,
			);
			path = Application;
			sourceTree = "<group>";
		};
		E47D5EF32BB59FB600778085 /* Coordinator */ = {
			isa = PBXGroup;
			children = (
				E47D5EEF2BB59F6D00778085 /* CoordinatorProtocol.swift */,
				E47D5EF12BB59F9200778085 /* AppCooedinator.swift */,
			);
			path = Coordinator;
			sourceTree = "<group>";
		};
		E47D5EF62BB59FD300778085 /* ViewModels */ = {
			isa = PBXGroup;
			children = (
				E47D5EF42BB59FD000778085 /* MainViewModel.swift */,
			);
			path = ViewModels;
			sourceTree = "<group>";
		};
		E47D5EFB2BB5A2AE00778085 /* Network */ = {
			isa = PBXGroup;
			children = (
				E47D5EF72BB5A24D00778085 /* NetworkService.swift */,
				E47D5EF92BB5A25900778085 /* NetworkError.swift */,
			);
			path = Network;
			sourceTree = "<group>";
		};
		E47D5EFE2BB5A2DC00778085 /* Models */ = {
			isa = PBXGroup;
			children = (
				E47D5EFC2BB5A2C800778085 /* ServicesModel.swift */,
			);
			path = Models;
			sourceTree = "<group>";
		};
		E47D5EFF2BB5AC6900778085 /* ViewController */ = {
			isa = PBXGroup;
			children = (
				E47D5EDC2BB59D3E00778085 /* MainViewController.swift */,
			);
			path = ViewController;
			sourceTree = "<group>";
		};
		E47D5F022BB5AC9B00778085 /* Adapter */ = {
			isa = PBXGroup;
			children = (
				E47D5F002BB5AC9600778085 /* CollectionViewAdapter.swift */,
			);
			path = Adapter;
			sourceTree = "<group>";
		};
		E47D5F052BB5ACC700778085 /* CollectionModel */ = {
			isa = PBXGroup;
			children = (
				E47D5F032BB5ACC500778085 /* MainCollectionViewCellModel.swift */,
			);
			path = CollectionModel;
			sourceTree = "<group>";
		};
		E47D5F082BB5AD5900778085 /* CollectionViewCell */ = {
			isa = PBXGroup;
			children = (
				E47D5F062BB5AD5400778085 /* MainCollectionViewCell.swift */,
			);
			path = CollectionViewCell;
			sourceTree = "<group>";
		};
/* End PBXGroup section */

/* Begin PBXNativeTarget section */
		E47D5ED42BB59D3E00778085 /* ProfileTask */ = {
			isa = PBXNativeTarget;
			buildConfigurationList = E47D5EE92BB59D4000778085 /* Build configuration list for PBXNativeTarget "ProfileTask" */;
			buildPhases = (
				E47D5ED12BB59D3E00778085 /* Sources */,
				E47D5ED22BB59D3E00778085 /* Frameworks */,
				E47D5ED32BB59D3E00778085 /* Resources */,
			);
			buildRules = (
			);
			dependencies = (
			);
			name = ProfileTask;
			productName = ProfileTask;
			productReference = E47D5ED52BB59D3E00778085 /* ProfileTask.app */;
			productType = "com.apple.product-type.application";
		};
/* End PBXNativeTarget section */

/* Begin PBXProject section */
		E47D5ECD2BB59D3E00778085 /* Project object */ = {
			isa = PBXProject;
			attributes = {
				BuildIndependentTargetsInParallel = 1;
				LastSwiftUpdateCheck = 1500;
				LastUpgradeCheck = 1500;
				TargetAttributes = {
					E47D5ED42BB59D3E00778085 = {
						CreatedOnToolsVersion = 15.0;
					};
				};
			};
			buildConfigurationList = E47D5ED02BB59D3E00778085 /* Build configuration list for PBXProject "ProfileTask" */;
			compatibilityVersion = "Xcode 14.0";
			developmentRegion = en;
			hasScannedForEncodings = 0;
			knownRegions = (
				en,
				Base,
			);
			mainGroup = E47D5ECC2BB59D3E00778085;
			productRefGroup = E47D5ED62BB59D3E00778085 /* Products */;
			projectDirPath = "";
			projectRoot = "";
			targets = (
				E47D5ED42BB59D3E00778085 /* ProfileTask */,
			);
		};
/* End PBXProject section */

/* Begin PBXResourcesBuildPhase section */
		E47D5ED32BB59D3E00778085 /* Resources */ = {
			isa = PBXResourcesBuildPhase;
			buildActionMask = 2147483647;
			files = (
				E47D5EE52BB59D4000778085 /* LaunchScreen.storyboard in Resources */,
				E47D5EE22BB59D4000778085 /* Assets.xcassets in Resources */,
			);
			runOnlyForDeploymentPostprocessing = 0;
		};
/* End PBXResourcesBuildPhase section */

/* Begin PBXSourcesBuildPhase section */
		E47D5ED12BB59D3E00778085 /* Sources */ = {
			isa = PBXSourcesBuildPhase;
			buildActionMask = 2147483647;
			files = (
				E47D5EF52BB59FD000778085 /* MainViewModel.swift in Sources */,
				E47D5EDD2BB59D3E00778085 /* MainViewController.swift in Sources */,
				E47D5ED92BB59D3E00778085 /* AppDelegate.swift in Sources */,
				E47D5F042BB5ACC500778085 /* MainCollectionViewCellModel.swift in Sources */,
				E47D5F012BB5AC9600778085 /* CollectionViewAdapter.swift in Sources */,
				E47D5EFD2BB5A2C800778085 /* ServicesModel.swift in Sources */,
				E47D5EFA2BB5A25900778085 /* NetworkError.swift in Sources */,
				E47D5F072BB5AD5400778085 /* MainCollectionViewCell.swift in Sources */,
				E47D5EF02BB59F6D00778085 /* CoordinatorProtocol.swift in Sources */,
				E47D5EF82BB5A24D00778085 /* NetworkService.swift in Sources */,
				E47D5EF22BB59F9200778085 /* AppCooedinator.swift in Sources */,
			);
			runOnlyForDeploymentPostprocessing = 0;
		};
/* End PBXSourcesBuildPhase section */

/* Begin PBXVariantGroup section */
		E47D5EE32BB59D4000778085 /* LaunchScreen.storyboard */ = {
			isa = PBXVariantGroup;
			children = (
				E47D5EE42BB59D4000778085 /* Base */,
			);
			name = LaunchScreen.storyboard;
			sourceTree = "<group>";
		};
/* End PBXVariantGroup section */

/* Begin XCBuildConfiguration section */
		E47D5EE72BB59D4000778085 /* Debug */ = {
			isa = XCBuildConfiguration;
			buildSettings = {
				ALWAYS_SEARCH_USER_PATHS = NO;
				ASSETCATALOG_COMPILER_GENERATE_SWIFT_ASSET_SYMBOL_EXTENSIONS = YES;
				CLANG_ANALYZER_NONNULL = YES;
				CLANG_ANALYZER_NUMBER_OBJECT_CONVERSION = YES_AGGRESSIVE;
				CLANG_CXX_LANGUAGE_STANDARD = "gnu++20";
				CLANG_ENABLE_MODULES = YES;
				CLANG_ENABLE_OBJC_ARC = YES;
				CLANG_ENABLE_OBJC_WEAK = YES;
				CLANG_WARN_BLOCK_CAPTURE_AUTORELEASING = YES;
				CLANG_WARN_BOOL_CONVERSION = YES;
				CLANG_WARN_COMMA = YES;
				CLANG_WARN_CONSTANT_CONVERSION = YES;
				CLANG_WARN_DEPRECATED_OBJC_IMPLEMENTATIONS = YES;
				CLANG_WARN_DIRECT_OBJC_ISA_USAGE = YES_ERROR;
				CLANG_WARN_DOCUMENTATION_COMMENTS = YES;
				CLANG_WARN_EMPTY_BODY = YES;
				CLANG_WARN_ENUM_CONVERSION = YES;
				CLANG_WARN_INFINITE_RECURSION = YES;
				CLANG_WARN_INT_CONVERSION = YES;
				CLANG_WARN_NON_LITERAL_NULL_CONVERSION = YES;
				CLANG_WARN_OBJC_IMPLICIT_RETAIN_SELF = YES;
				CLANG_WARN_OBJC_LITERAL_CONVERSION = YES;
				CLANG_WARN_OBJC_ROOT_CLASS = YES_ERROR;
				CLANG_WARN_QUOTED_INCLUDE_IN_FRAMEWORK_HEADER = YES;
				CLANG_WARN_RANGE_LOOP_ANALYSIS = YES;
				CLANG_WARN_STRICT_PROTOTYPES = YES;
				CLANG_WARN_SUSPICIOUS_MOVE = YES;
				CLANG_WARN_UNGUARDED_AVAILABILITY = YES_AGGRESSIVE;
				CLANG_WARN_UNREACHABLE_CODE = YES;
				CLANG_WARN__DUPLICATE_METHOD_MATCH = YES;
				COPY_PHASE_STRIP = NO;
				DEBUG_INFORMATION_FORMAT = dwarf;
				ENABLE_STRICT_OBJC_MSGSEND = YES;
				ENABLE_TESTABILITY = YES;
				ENABLE_USER_SCRIPT_SANDBOXING = YES;
				GCC_C_LANGUAGE_STANDARD = gnu17;
				GCC_DYNAMIC_NO_PIC = NO;
				GCC_NO_COMMON_BLOCKS = YES;
				GCC_OPTIMIZATION_LEVEL = 0;
				GCC_PREPROCESSOR_DEFINITIONS = (
					"DEBUG=1",
					"$(inherited)",
				);
				GCC_WARN_64_TO_32_BIT_CONVERSION = YES;
				GCC_WARN_ABOUT_RETURN_TYPE = YES_ERROR;
				GCC_WARN_UNDECLARED_SELECTOR = YES;
				GCC_WARN_UNINITIALIZED_AUTOS = YES_AGGRESSIVE;
				GCC_WARN_UNUSED_FUNCTION = YES;
				GCC_WARN_UNUSED_VARIABLE = YES;
				IPHONEOS_DEPLOYMENT_TARGET = 17.0;
				LOCALIZATION_PREFERS_STRING_CATALOGS = YES;
				MTL_ENABLE_DEBUG_INFO = INCLUDE_SOURCE;
				MTL_FAST_MATH = YES;
				ONLY_ACTIVE_ARCH = YES;
				SDKROOT = iphoneos;
				SWIFT_ACTIVE_COMPILATION_CONDITIONS = "DEBUG $(inherited)";
				SWIFT_OPTIMIZATION_LEVEL = "-Onone";
			};
			name = Debug;
		};
		E47D5EE82BB59D4000778085 /* Release */ = {
			isa = XCBuildConfiguration;
			buildSettings = {
				ALWAYS_SEARCH_USER_PATHS = NO;
				ASSETCATALOG_COMPILER_GENERATE_SWIFT_ASSET_SYMBOL_EXTENSIONS = YES;
				CLANG_ANALYZER_NONNULL = YES;
				CLANG_ANALYZER_NUMBER_OBJECT_CONVERSION = YES_AGGRESSIVE;
				CLANG_CXX_LANGUAGE_STANDARD = "gnu++20";
				CLANG_ENABLE_MODULES = YES;
				CLANG_ENABLE_OBJC_ARC = YES;
				CLANG_ENABLE_OBJC_WEAK = YES;
				CLANG_WARN_BLOCK_CAPTURE_AUTORELEASING = YES;
				CLANG_WARN_BOOL_CONVERSION = YES;
				CLANG_WARN_COMMA = YES;
				CLANG_WARN_CONSTANT_CONVERSION = YES;
				CLANG_WARN_DEPRECATED_OBJC_IMPLEMENTATIONS = YES;
				CLANG_WARN_DIRECT_OBJC_ISA_USAGE = YES_ERROR;
				CLANG_WARN_DOCUMENTATION_COMMENTS = YES;
				CLANG_WARN_EMPTY_BODY = YES;
				CLANG_WARN_ENUM_CONVERSION = YES;
				CLANG_WARN_INFINITE_RECURSION = YES;
				CLANG_WARN_INT_CONVERSION = YES;
				CLANG_WARN_NON_LITERAL_NULL_CONVERSION = YES;
				CLANG_WARN_OBJC_IMPLICIT_RETAIN_SELF = YES;
				CLANG_WARN_OBJC_LITERAL_CONVERSION = YES;
				CLANG_WARN_OBJC_ROOT_CLASS = YES_ERROR;
				CLANG_WARN_QUOTED_INCLUDE_IN_FRAMEWORK_HEADER = YES;
				CLANG_WARN_RANGE_LOOP_ANALYSIS = YES;
				CLANG_WARN_STRICT_PROTOTYPES = YES;
				CLANG_WARN_SUSPICIOUS_MOVE = YES;
				CLANG_WARN_UNGUARDED_AVAILABILITY = YES_AGGRESSIVE;
				CLANG_WARN_UNREACHABLE_CODE = YES;
				CLANG_WARN__DUPLICATE_METHOD_MATCH = YES;
				COPY_PHASE_STRIP = NO;
				DEBUG_INFORMATION_FORMAT = "dwarf-with-dsym";
				ENABLE_NS_ASSERTIONS = NO;
				ENABLE_STRICT_OBJC_MSGSEND = YES;
				ENABLE_USER_SCRIPT_SANDBOXING = YES;
				GCC_C_LANGUAGE_STANDARD = gnu17;
				GCC_NO_COMMON_BLOCKS = YES;
				GCC_WARN_64_TO_32_BIT_CONVERSION = YES;
				GCC_WARN_ABOUT_RETURN_TYPE = YES_ERROR;
				GCC_WARN_UNDECLARED_SELECTOR = YES;
				GCC_WARN_UNINITIALIZED_AUTOS = YES_AGGRESSIVE;
				GCC_WARN_UNUSED_FUNCTION = YES;
				GCC_WARN_UNUSED_VARIABLE = YES;
				IPHONEOS_DEPLOYMENT_TARGET = 17.0;
				LOCALIZATION_PREFERS_STRING_CATALOGS = YES;
				MTL_ENABLE_DEBUG_INFO = NO;
				MTL_FAST_MATH = YES;
				SDKROOT = iphoneos;
				SWIFT_COMPILATION_MODE = wholemodule;
				VALIDATE_PRODUCT = YES;
			};
			name = Release;
		};
		E47D5EEA2BB59D4000778085 /* Debug */ = {
			isa = XCBuildConfiguration;
			buildSettings = {
				ASSETCATALOG_COMPILER_APPICON_NAME = AppIcon;
				ASSETCATALOG_COMPILER_GLOBAL_ACCENT_COLOR_NAME = AccentColor;
				CODE_SIGN_STYLE = Automatic;
				CURRENT_PROJECT_VERSION = 1;
				DEVELOPMENT_TEAM = 38T9RQ5V9X;
				GENERATE_INFOPLIST_FILE = YES;
				INFOPLIST_FILE = ProfileTask/SupportingFilles/Info.plist;
				INFOPLIST_KEY_UIApplicationSupportsIndirectInputEvents = YES;
				INFOPLIST_KEY_UILaunchStoryboardName = LaunchScreen;
				INFOPLIST_KEY_UISupportedInterfaceOrientations_iPad = "UIInterfaceOrientationPortrait UIInterfaceOrientationPortraitUpsideDown UIInterfaceOrientationLandscapeLeft UIInterfaceOrientationLandscapeRight";
				INFOPLIST_KEY_UISupportedInterfaceOrientations_iPhone = "UIInterfaceOrientationPortrait UIInterfaceOrientationLandscapeLeft UIInterfaceOrientationLandscapeRight";
				LD_RUNPATH_SEARCH_PATHS = (
					"$(inherited)",
					"@executable_path/Frameworks",
				);
				MARKETING_VERSION = 1.0;
				PRODUCT_BUNDLE_IDENTIFIER = donailo456.ProfileTask;
				PRODUCT_NAME = "$(TARGET_NAME)";
				SWIFT_EMIT_LOC_STRINGS = YES;
				SWIFT_VERSION = 5.0;
				TARGETED_DEVICE_FAMILY = "1,2";
			};
			name = Debug;
		};
		E47D5EEB2BB59D4000778085 /* Release */ = {
			isa = XCBuildConfiguration;
			buildSettings = {
				ASSETCATALOG_COMPILER_APPICON_NAME = AppIcon;
				ASSETCATALOG_COMPILER_GLOBAL_ACCENT_COLOR_NAME = AccentColor;
				CODE_SIGN_STYLE = Automatic;
				CURRENT_PROJECT_VERSION = 1;
				DEVELOPMENT_TEAM = 38T9RQ5V9X;
				GENERATE_INFOPLIST_FILE = YES;
				INFOPLIST_FILE = ProfileTask/SupportingFilles/Info.plist;
				INFOPLIST_KEY_UIApplicationSupportsIndirectInputEvents = YES;
				INFOPLIST_KEY_UILaunchStoryboardName = LaunchScreen;
				INFOPLIST_KEY_UISupportedInterfaceOrientations_iPad = "UIInterfaceOrientationPortrait UIInterfaceOrientationPortraitUpsideDown UIInterfaceOrientationLandscapeLeft UIInterfaceOrientationLandscapeRight";
				INFOPLIST_KEY_UISupportedInterfaceOrientations_iPhone = "UIInterfaceOrientationPortrait UIInterfaceOrientationLandscapeLeft UIInterfaceOrientationLandscapeRight";
				LD_RUNPATH_SEARCH_PATHS = (
					"$(inherited)",
					"@executable_path/Frameworks",
				);
				MARKETING_VERSION = 1.0;
				PRODUCT_BUNDLE_IDENTIFIER = donailo456.ProfileTask;
				PRODUCT_NAME = "$(TARGET_NAME)";
				SWIFT_EMIT_LOC_STRINGS = YES;
				SWIFT_VERSION = 5.0;
				TARGETED_DEVICE_FAMILY = "1,2";
			};
			name = Release;
		};
/* End XCBuildConfiguration section */

/* Begin XCConfigurationList section */
		E47D5ED02BB59D3E00778085 /* Build configuration list for PBXProject "ProfileTask" */ = {
			isa = XCConfigurationList;
			buildConfigurations = (
				E47D5EE72BB59D4000778085 /* Debug */,
				E47D5EE82BB59D4000778085 /* Release */,
			);
			defaultConfigurationIsVisible = 0;
			defaultConfigurationName = Release;
		};
		E47D5EE92BB59D4000778085 /* Build configuration list for PBXNativeTarget "ProfileTask" */ = {
			isa = XCConfigurationList;
			buildConfigurations = (
				E47D5EEA2BB59D4000778085 /* Debug */,
				E47D5EEB2BB59D4000778085 /* Release */,
			);
			defaultConfigurationIsVisible = 0;
			defaultConfigurationName = Release;
		};
/* End XCConfigurationList section */
	};
	rootObject = E47D5ECD2BB59D3E00778085 /* Project object */;
}
